
Microsoft Visual Studio Solution File, Format Version 12.00
Project("{FAE04EC0-301F-11D3-BF4B-00C04F79EFBC}") = "CipherLib", "CipherLib\CipherLib.csproj", "{84EE6352-B53A-40C4-BC75-B07EC937E265}"
EndProject
Project("{FAE04EC0-301F-11D3-BF4B-00C04F79EFBC}") = "CipherTests", "CipherTests\CipherTests.csproj", "{659DB484-389B-4E48-8C18-563AFE2D1C96}"
EndProject
Project("{FAE04EC0-301F-11D3-BF4B-00C04F79EFBC}") = "ApplicationL", "ApplicationL\ApplicationL.csproj", "{A6A3C31D-09FD-4DB6-BEB8-58C9DDCADD94}"
EndProject
Global
	GlobalSection(SolutionConfigurationPlatforms) = preSolution
		Debug|Any CPU = Debug|Any CPU
		Release|Any CPU = Release|Any CPU
	EndGlobalSection
	GlobalSection(ProjectConfigurationPlatforms) = postSolution
		{84EE6352-B53A-40C4-BC75-B07EC937E265}.Debug|Any CPU.ActiveCfg = Debug|Any CPU
		{84EE6352-B53A-40C4-BC75-B07EC937E265}.Debug|Any CPU.Build.0 = Debug|Any CPU
		{84EE6352-B53A-40C4-BC75-B07EC937E265}.Release|Any CPU.ActiveCfg = Release|Any CPU
		{84EE6352-B53A-40C4-BC75-B07EC937E265}.Release|Any CPU.Build.0 = Release|Any CPU
		{659DB484-389B-4E48-8C18-563AFE2D1C96}.Debug|Any CPU.ActiveCfg = Debug|Any CPU
		{659DB484-389B-4E48-8C18-563AFE2D1C96}.Debug|Any CPU.Build.0 = Debug|Any CPU
		{659DB484-389B-4E48-8C18-563AFE2D1C96}.Release|Any CPU.ActiveCfg = Release|Any CPU
		{659DB484-389B-4E48-8C18-563AFE2D1C96}.Release|Any CPU.Build.0 = Release|Any CPU
		{A6A3C31D-09FD-4DB6-BEB8-58C9DDCADD94}.Debug|Any CPU.ActiveCfg = Debug|Any CPU
		{A6A3C31D-09FD-4DB6-BEB8-58C9DDCADD94}.Debug|Any CPU.Build.0 = Debug|Any CPU
		{A6A3C31D-09FD-4DB6-BEB8-58C9DDCADD94}.Release|Any CPU.ActiveCfg = Release|Any CPU
		{A6A3C31D-09FD-4DB6-BEB8-58C9DDCADD94}.Release|Any CPU.Build.0 = Release|Any CPU
	EndGlobalSection
EndGlobal
